
Microsoft Visual Studio Solution File, Format Version 12.00
# Visual Studio Version 16
VisualStudioVersion = 16.0.30406.217
MinimumVisualStudioVersion = 10.0.40219.1
Project("{FAE04EC0-301F-11D3-BF4B-00C04F79EFBC}") = "BankAccountManagements", "BankAccountManagements\BankAccountManagements.csproj", "{539E5D64-687D-4181-8C92-A99C20BEA3E7}"
EndProject
Global
	GlobalSection(SolutionConfigurationPlatforms) = preSolution
		Debug|Any CPU = Debug|Any CPU
		Release|Any CPU = Release|Any CPU
	EndGlobalSection
	GlobalSection(ProjectConfigurationPlatforms) = postSolution
		{539E5D64-687D-4181-8C92-A99C20BEA3E7}.Debug|Any CPU.ActiveCfg = Debug|Any CPU
		{539E5D64-687D-4181-8C92-A99C20BEA3E7}.Debug|Any CPU.Build.0 = Debug|Any CPU
		{539E5D64-687D-4181-8C92-A99C20BEA3E7}.Release|Any CPU.ActiveCfg = Release|Any CPU
		{539E5D64-687D-4181-8C92-A99C20BEA3E7}.Release|Any CPU.Build.0 = Release|Any CPU
	EndGlobalSection
	GlobalSection(SolutionProperties) = preSolution
		HideSolutionNode = FALSE
	EndGlobalSection
	GlobalSection(ExtensibilityGlobals) = postSolution
		SolutionGuid = {55A66DAD-23C0-4F90-A88A-16A458987B0F}
	EndGlobalSection
EndGlobal
